PackratFormat: 1.4
PackratVersion: 0.4.3
RVersion: 3.1.3
Repos: CRAN=http://cran.rstudio.com

Package: DBI
Source: CRAN
Version: 0.3.1
Hash: 3a9e85b26ec3ab570266bccb3f9de055

Package: RPostgreSQL
Source: CRAN
Version: 0.4
Hash: 277c23e86f0a04278aed7de72677b3b9
Requires: DBI

Package: bitops
Source: CRAN
Version: 1.0-6
Hash: cb26464a8321628636b547518994c931

Package: caTools
Source: CRAN
Version: 1.17.1
Hash: bb5fdc266f716b8a289a4f92007d53e3
Requires: bitops

Package: digest
Source: CRAN
Version: 0.6.8
Hash: 89dc4c8734dad5322bb3c5c2af09056f

Package: evaluate
Source: CRAN
Version: 0.5.5
Hash: 20881970e590ee68de97a468694db7b0
Requires: stringr

Package: formatR
Source: CRAN
Version: 1.0
Hash: a90c211d7df7e61a72b8ab6c99c2e848

Package: highr
Source: CRAN
Version: 0.4
Hash: 8c77cca8556e1501621b4a5ccb7999bd

Package: htmltools
Source: CRAN
Version: 0.2.6
Hash: 2c87108d130de261ac3c468d3316ae42
Requires: digest

Package: knitr
Source: CRAN
Version: 1.9
Hash: 41c29594ced4d02b3b90b4c375680cd3
Requires: digest, evaluate, formatR, highr, markdown, stringr

Package: markdown
Source: CRAN
Version: 0.7.4
Hash: 01d7f71ed6e3d9b1c17ba51cff91be72
Requires: mime

Package: mime
Source: CRAN
Version: 0.2
Hash: 9179db921fcb2e5be44e217042ed06bc

Package: packrat
Source: CRAN
Version: 0.4.3
Hash: 16c72d5c802629fae5a4abca901e0199

Package: rmarkdown
Source: CRAN
Version: 0.5.1
Hash: 2d87f70c12c5558c50c4b3587fc6f499
Requires: caTools, htmltools, knitr, yaml

Package: stringr
Source: CRAN
Version: 0.6.2
Hash: cdde0cfa0f52cffeaca23a11a3899779

Package: yaml
Source: CRAN
Version: 2.1.13
Hash: e5d041c001f6d641fd009c1f6ef7d831
